
Microsoft Visual Studio Solution File, Format Version 12.00
# Visual Studio Version 17
VisualStudioVersion = 17.8.34330.188
MinimumVisualStudioVersion = 10.0.40219.1
Project("{9A19103F-16F7-4668-BE54-9A1E7A4F7556}") = "Blogplace.Web", "Blogplace.Web\Blogplace.Web.csproj", "{C278E81C-36B2-4D3E-98AD-E64CD05D9F7C}"
EndProject
Project("{2150E333-8FDC-42A3-9474-1A3956D46DE8}") = "SolutionItems", "SolutionItems", "{6DD190BC-E17A-4EDC-8E88-FA77643412EE}"
	ProjectSection(SolutionItems) = preProject
		.editorconfig = .editorconfig
	EndProjectSection
EndProject
Project("{FAE04EC0-301F-11D3-BF4B-00C04F79EFBC}") = "Blogplace.Tests.Unit", "Blogplace.Tests.Unit\Blogplace.Tests.Unit.csproj", "{BEB6B5E2-2D8D-48B4-9D3C-195086B4DC89}"
EndProject
Project("{FAE04EC0-301F-11D3-BF4B-00C04F79EFBC}") = "Blogplace.Tests.Integration", "Blogplace.Tests.Integration\Blogplace.Tests.Integration.csproj", "{93B57502-D2CA-4AA5-A9FB-EC510CA0955C}"
EndProject
Global
	GlobalSection(SolutionConfigurationPlatforms) = preSolution
		Debug|Any CPU = Debug|Any CPU
		Release|Any CPU = Release|Any CPU
	EndGlobalSection
	GlobalSection(ProjectConfigurationPlatforms) = postSolution
		{C278E81C-36B2-4D3E-98AD-E64CD05D9F7C}.Debug|Any CPU.ActiveCfg = Debug|Any CPU
		{C278E81C-36B2-4D3E-98AD-E64CD05D9F7C}.Debug|Any CPU.Build.0 = Debug|Any CPU
		{C278E81C-36B2-4D3E-98AD-E64CD05D9F7C}.Release|Any CPU.ActiveCfg = Release|Any CPU
		{C278E81C-36B2-4D3E-98AD-E64CD05D9F7C}.Release|Any CPU.Build.0 = Release|Any CPU
		{BEB6B5E2-2D8D-48B4-9D3C-195086B4DC89}.Debug|Any CPU.ActiveCfg = Debug|Any CPU
		{BEB6B5E2-2D8D-48B4-9D3C-195086B4DC89}.Debug|Any CPU.Build.0 = Debug|Any CPU
		{BEB6B5E2-2D8D-48B4-9D3C-195086B4DC89}.Release|Any CPU.ActiveCfg = Release|Any CPU
		{BEB6B5E2-2D8D-48B4-9D3C-195086B4DC89}.Release|Any CPU.Build.0 = Release|Any CPU
		{93B57502-D2CA-4AA5-A9FB-EC510CA0955C}.Debug|Any CPU.ActiveCfg = Debug|Any CPU
		{93B57502-D2CA-4AA5-A9FB-EC510CA0955C}.Debug|Any CPU.Build.0 = Debug|Any CPU
		{93B57502-D2CA-4AA5-A9FB-EC510CA0955C}.Release|Any CPU.ActiveCfg = Release|Any CPU
		{93B57502-D2CA-4AA5-A9FB-EC510CA0955C}.Release|Any CPU.Build.0 = Release|Any CPU
	EndGlobalSection
	GlobalSection(SolutionProperties) = preSolution
		HideSolutionNode = FALSE
	EndGlobalSection
	GlobalSection(ExtensibilityGlobals) = postSolution
		SolutionGuid = {C4BBB07C-DCB7-4030-8D94-E156672385B9}
	EndGlobalSection
EndGlobal
